
Microsoft Visual Studio Solution File, Format Version 12.00
# Visual Studio Version 17
VisualStudioVersion = 17.6.33801.468
MinimumVisualStudioVersion = 10.0.40219.1
Project("{FAE04EC0-301F-11D3-BF4B-00C04F79EFBC}") = "Porblem1", "Porblem1.csproj", "{82CC1B98-DF56-47E5-B3DA-49BCDB8E2A37}"
EndProject
Project("{FAE04EC0-301F-11D3-BF4B-00C04F79EFBC}") = "Problem2", "..\Problem2\Problem2.csproj", "{78430233-D6B2-4852-A330-352150CAF9D3}"
EndProject
Project("{FAE04EC0-301F-11D3-BF4B-00C04F79EFBC}") = "Problem3", "..\Problem3\Problem3.csproj", "{B5088328-4E9D-46C5-9191-437642449B83}"
EndProject
Global
	GlobalSection(SolutionConfigurationPlatforms) = preSolution
		Debug|Any CPU = Debug|Any CPU
		Release|Any CPU = Release|Any CPU
	EndGlobalSection
	GlobalSection(ProjectConfigurationPlatforms) = postSolution
		{82CC1B98-DF56-47E5-B3DA-49BCDB8E2A37}.Debug|Any CPU.ActiveCfg = Debug|Any CPU
		{82CC1B98-DF56-47E5-B3DA-49BCDB8E2A37}.Debug|Any CPU.Build.0 = Debug|Any CPU
		{82CC1B98-DF56-47E5-B3DA-49BCDB8E2A37}.Release|Any CPU.ActiveCfg = Release|Any CPU
		{82CC1B98-DF56-47E5-B3DA-49BCDB8E2A37}.Release|Any CPU.Build.0 = Release|Any CPU
		{78430233-D6B2-4852-A330-352150CAF9D3}.Debug|Any CPU.ActiveCfg = Debug|Any CPU
		{78430233-D6B2-4852-A330-352150CAF9D3}.Debug|Any CPU.Build.0 = Debug|Any CPU
		{78430233-D6B2-4852-A330-352150CAF9D3}.Release|Any CPU.ActiveCfg = Release|Any CPU
		{78430233-D6B2-4852-A330-352150CAF9D3}.Release|Any CPU.Build.0 = Release|Any CPU
		{B5088328-4E9D-46C5-9191-437642449B83}.Debug|Any CPU.ActiveCfg = Debug|Any CPU
		{B5088328-4E9D-46C5-9191-437642449B83}.Debug|Any CPU.Build.0 = Debug|Any CPU
		{B5088328-4E9D-46C5-9191-437642449B83}.Release|Any CPU.ActiveCfg = Release|Any CPU
		{B5088328-4E9D-46C5-9191-437642449B83}.Release|Any CPU.Build.0 = Release|Any CPU
	EndGlobalSection
	GlobalSection(SolutionProperties) = preSolution
		HideSolutionNode = FALSE
	EndGlobalSection
	GlobalSection(ExtensibilityGlobals) = postSolution
		SolutionGuid = {32F2D6D9-D448-4425-A06C-CE2049BEF9C1}
	EndGlobalSection
EndGlobal
